
Microsoft Visual Studio Solution File, Format Version 12.00
# Visual Studio Version 17
VisualStudioVersion = 17.7.34003.232
MinimumVisualStudioVersion = 10.0.40219.1
Project("{2150E333-8FDC-42A3-9474-1A3956D46DE8}") = "Services", "Services", "{80A40E95-3082-4B6B-BC92-C5E25BBCAA33}"
EndProject
Project("{2150E333-8FDC-42A3-9474-1A3956D46DE8}") = "Catalog", "Catalog", "{F00F8378-264A-422B-BB3F-677F23DE0182}"
EndProject
Project("{9A19103F-16F7-4668-BE54-9A1E7A4F7556}") = "Catalog.API", "Services\Catalog\Catalog.API\Catalog.API.csproj", "{F22F6180-4C1C-45A3-A9B0-7E86A867D090}"
EndProject
Project("{9A19103F-16F7-4668-BE54-9A1E7A4F7556}") = "Catalog.Application", "Services\Catalog\Catalog.Application\Catalog.Application.csproj", "{A6CD79CC-41E8-4AEB-A2A1-CA5CB0D191DD}"
EndProject
Project("{9A19103F-16F7-4668-BE54-9A1E7A4F7556}") = "Catalog.Core", "Services\Catalog\Catalog.Core\Catalog.Core.csproj", "{5029684C-595A-47AE-8640-6AD5F91A1F38}"
EndProject
Project("{9A19103F-16F7-4668-BE54-9A1E7A4F7556}") = "Catalog.Infrastructure", "Services\Catalog\Catalog.Infrastructure\Catalog.Infrastructure.csproj", "{394BF9FA-9A6D-4AF7-9325-53FD9E14BEBB}"
EndProject
Project("{2150E333-8FDC-42A3-9474-1A3956D46DE8}") = "Solution Items", "Solution Items", "{6437529B-EF88-48E5-B605-6BC96FE210AF}"
	ProjectSection(SolutionItems) = preProject
		.editorconfig = .editorconfig
	EndProjectSection
EndProject
Project("{E53339B2-1760-4266-BCC7-CA923CBCF16C}") = "docker-compose", "docker-compose.dcproj", "{43777FC3-2D7B-4850-AA9C-53BBA8076B10}"
EndProject
Project("{2150E333-8FDC-42A3-9474-1A3956D46DE8}") = "Basket", "Basket", "{B16F4601-6778-4710-862D-691CDD7715F2}"
EndProject
Project("{9A19103F-16F7-4668-BE54-9A1E7A4F7556}") = "Basket.API", "Services\Basket\Basket.API\Basket.API.csproj", "{935F53EE-0092-4C84-9D60-56C241603B62}"
EndProject
Project("{9A19103F-16F7-4668-BE54-9A1E7A4F7556}") = "Basket.Core", "Services\Basket\Basket.Core\Basket.Core.csproj", "{C3E01647-1093-4C4F-A936-D4203E80D0BF}"
EndProject
Project("{9A19103F-16F7-4668-BE54-9A1E7A4F7556}") = "Basket.Application", "Services\Basket\Basket.Application\Basket.Application.csproj", "{8048755A-5E2C-4A6A-8D9D-31DA91B18499}"
EndProject
Project("{9A19103F-16F7-4668-BE54-9A1E7A4F7556}") = "Basket.Infrastructure", "Services\Basket\Basket.Infrastructure\Basket.Infrastructure.csproj", "{6B4C8E6D-5CEB-4EA4-899B-C0FF12EE9636}"
EndProject
Project("{2150E333-8FDC-42A3-9474-1A3956D46DE8}") = "Discount", "Discount", "{BD558A21-16FC-4934-8382-7955D6F31705}"
EndProject
Project("{FAE04EC0-301F-11D3-BF4B-00C04F79EFBC}") = "Discount.API", "Services\Discount\Discount.API\Discount.API.csproj", "{AE956E69-5D0F-4831-A0D9-2A0A5B21B064}"
EndProject
Project("{FAE04EC0-301F-11D3-BF4B-00C04F79EFBC}") = "Discount.Application", "Services\Discount\Discount.Application\Discount.Application.csproj", "{3D231B3B-D8D9-4E9A-AF39-15B047BDF04B}"
EndProject
Project("{FAE04EC0-301F-11D3-BF4B-00C04F79EFBC}") = "Discount.Core", "Services\Discount\Discount.Core\Discount.Core.csproj", "{ED30439B-C606-4364-B0CD-A8E165D7E407}"
EndProject
Project("{FAE04EC0-301F-11D3-BF4B-00C04F79EFBC}") = "Discount.Infrastructure", "Services\Discount\Discount.Infrastructure\Discount.Infrastructure.csproj", "{C7F33D37-8802-4F17-BA3D-ED3E341085CF}"
EndProject
Global
	GlobalSection(SolutionConfigurationPlatforms) = preSolution
		Debug|Any CPU = Debug|Any CPU
		Release|Any CPU = Release|Any CPU
	EndGlobalSection
	GlobalSection(ProjectConfigurationPlatforms) = postSolution
		{F22F6180-4C1C-45A3-A9B0-7E86A867D090}.Debug|Any CPU.ActiveCfg = Debug|Any CPU
		{F22F6180-4C1C-45A3-A9B0-7E86A867D090}.Debug|Any CPU.Build.0 = Debug|Any CPU
		{F22F6180-4C1C-45A3-A9B0-7E86A867D090}.Release|Any CPU.ActiveCfg = Release|Any CPU
		{F22F6180-4C1C-45A3-A9B0-7E86A867D090}.Release|Any CPU.Build.0 = Release|Any CPU
		{A6CD79CC-41E8-4AEB-A2A1-CA5CB0D191DD}.Debug|Any CPU.ActiveCfg = Debug|Any CPU
		{A6CD79CC-41E8-4AEB-A2A1-CA5CB0D191DD}.Debug|Any CPU.Build.0 = Debug|Any CPU
		{A6CD79CC-41E8-4AEB-A2A1-CA5CB0D191DD}.Release|Any CPU.ActiveCfg = Release|Any CPU
		{A6CD79CC-41E8-4AEB-A2A1-CA5CB0D191DD}.Release|Any CPU.Build.0 = Release|Any CPU
		{5029684C-595A-47AE-8640-6AD5F91A1F38}.Debug|Any CPU.ActiveCfg = Debug|Any CPU
		{5029684C-595A-47AE-8640-6AD5F91A1F38}.Debug|Any CPU.Build.0 = Debug|Any CPU
		{5029684C-595A-47AE-8640-6AD5F91A1F38}.Release|Any CPU.ActiveCfg = Release|Any CPU
		{5029684C-595A-47AE-8640-6AD5F91A1F38}.Release|Any CPU.Build.0 = Release|Any CPU
		{394BF9FA-9A6D-4AF7-9325-53FD9E14BEBB}.Debug|Any CPU.ActiveCfg = Debug|Any CPU
		{394BF9FA-9A6D-4AF7-9325-53FD9E14BEBB}.Debug|Any CPU.Build.0 = Debug|Any CPU
		{394BF9FA-9A6D-4AF7-9325-53FD9E14BEBB}.Release|Any CPU.ActiveCfg = Release|Any CPU
		{394BF9FA-9A6D-4AF7-9325-53FD9E14BEBB}.Release|Any CPU.Build.0 = Release|Any CPU
		{43777FC3-2D7B-4850-AA9C-53BBA8076B10}.Debug|Any CPU.ActiveCfg = Debug|Any CPU
		{43777FC3-2D7B-4850-AA9C-53BBA8076B10}.Debug|Any CPU.Build.0 = Debug|Any CPU
		{43777FC3-2D7B-4850-AA9C-53BBA8076B10}.Release|Any CPU.ActiveCfg = Release|Any CPU
		{43777FC3-2D7B-4850-AA9C-53BBA8076B10}.Release|Any CPU.Build.0 = Release|Any CPU
		{935F53EE-0092-4C84-9D60-56C241603B62}.Debug|Any CPU.ActiveCfg = Debug|Any CPU
		{935F53EE-0092-4C84-9D60-56C241603B62}.Debug|Any CPU.Build.0 = Debug|Any CPU
		{935F53EE-0092-4C84-9D60-56C241603B62}.Release|Any CPU.ActiveCfg = Release|Any CPU
		{935F53EE-0092-4C84-9D60-56C241603B62}.Release|Any CPU.Build.0 = Release|Any CPU
		{C3E01647-1093-4C4F-A936-D4203E80D0BF}.Debug|Any CPU.ActiveCfg = Debug|Any CPU
		{C3E01647-1093-4C4F-A936-D4203E80D0BF}.Debug|Any CPU.Build.0 = Debug|Any CPU
		{C3E01647-1093-4C4F-A936-D4203E80D0BF}.Release|Any CPU.ActiveCfg = Release|Any CPU
		{C3E01647-1093-4C4F-A936-D4203E80D0BF}.Release|Any CPU.Build.0 = Release|Any CPU
		{8048755A-5E2C-4A6A-8D9D-31DA91B18499}.Debug|Any CPU.ActiveCfg = Debug|Any CPU
		{8048755A-5E2C-4A6A-8D9D-31DA91B18499}.Debug|Any CPU.Build.0 = Debug|Any CPU
		{8048755A-5E2C-4A6A-8D9D-31DA91B18499}.Release|Any CPU.ActiveCfg = Release|Any CPU
		{8048755A-5E2C-4A6A-8D9D-31DA91B18499}.Release|Any CPU.Build.0 = Release|Any CPU
		{6B4C8E6D-5CEB-4EA4-899B-C0FF12EE9636}.Debug|Any CPU.ActiveCfg = Debug|Any CPU
		{6B4C8E6D-5CEB-4EA4-899B-C0FF12EE9636}.Debug|Any CPU.Build.0 = Debug|Any CPU
		{6B4C8E6D-5CEB-4EA4-899B-C0FF12EE9636}.Release|Any CPU.ActiveCfg = Release|Any CPU
		{6B4C8E6D-5CEB-4EA4-899B-C0FF12EE9636}.Release|Any CPU.Build.0 = Release|Any CPU
		{AE956E69-5D0F-4831-A0D9-2A0A5B21B064}.Debug|Any CPU.ActiveCfg = Debug|Any CPU
		{AE956E69-5D0F-4831-A0D9-2A0A5B21B064}.Debug|Any CPU.Build.0 = Debug|Any CPU
		{AE956E69-5D0F-4831-A0D9-2A0A5B21B064}.Release|Any CPU.ActiveCfg = Release|Any CPU
		{AE956E69-5D0F-4831-A0D9-2A0A5B21B064}.Release|Any CPU.Build.0 = Release|Any CPU
		{3D231B3B-D8D9-4E9A-AF39-15B047BDF04B}.Debug|Any CPU.ActiveCfg = Debug|Any CPU
		{3D231B3B-D8D9-4E9A-AF39-15B047BDF04B}.Debug|Any CPU.Build.0 = Debug|Any CPU
		{3D231B3B-D8D9-4E9A-AF39-15B047BDF04B}.Release|Any CPU.ActiveCfg = Release|Any CPU
		{3D231B3B-D8D9-4E9A-AF39-15B047BDF04B}.Release|Any CPU.Build.0 = Release|Any CPU
		{ED30439B-C606-4364-B0CD-A8E165D7E407}.Debug|Any CPU.ActiveCfg = Debug|Any CPU
		{ED30439B-C606-4364-B0CD-A8E165D7E407}.Debug|Any CPU.Build.0 = Debug|Any CPU
		{ED30439B-C606-4364-B0CD-A8E165D7E407}.Release|Any CPU.ActiveCfg = Release|Any CPU
		{ED30439B-C606-4364-B0CD-A8E165D7E407}.Release|Any CPU.Build.0 = Release|Any CPU
		{C7F33D37-8802-4F17-BA3D-ED3E341085CF}.Debug|Any CPU.ActiveCfg = Debug|Any CPU
		{C7F33D37-8802-4F17-BA3D-ED3E341085CF}.Debug|Any CPU.Build.0 = Debug|Any CPU
		{C7F33D37-8802-4F17-BA3D-ED3E341085CF}.Release|Any CPU.ActiveCfg = Release|Any CPU
		{C7F33D37-8802-4F17-BA3D-ED3E341085CF}.Release|Any CPU.Build.0 = Release|Any CPU
	EndGlobalSection
	GlobalSection(SolutionProperties) = preSolution
		HideSolutionNode = FALSE
	EndGlobalSection
	GlobalSection(NestedProjects) = preSolution
		{F00F8378-264A-422B-BB3F-677F23DE0182} = {80A40E95-3082-4B6B-BC92-C5E25BBCAA33}
		{F22F6180-4C1C-45A3-A9B0-7E86A867D090} = {F00F8378-264A-422B-BB3F-677F23DE0182}
		{A6CD79CC-41E8-4AEB-A2A1-CA5CB0D191DD} = {F00F8378-264A-422B-BB3F-677F23DE0182}
		{5029684C-595A-47AE-8640-6AD5F91A1F38} = {F00F8378-264A-422B-BB3F-677F23DE0182}
		{394BF9FA-9A6D-4AF7-9325-53FD9E14BEBB} = {F00F8378-264A-422B-BB3F-677F23DE0182}
		{B16F4601-6778-4710-862D-691CDD7715F2} = {80A40E95-3082-4B6B-BC92-C5E25BBCAA33}
		{935F53EE-0092-4C84-9D60-56C241603B62} = {B16F4601-6778-4710-862D-691CDD7715F2}
		{C3E01647-1093-4C4F-A936-D4203E80D0BF} = {B16F4601-6778-4710-862D-691CDD7715F2}
		{8048755A-5E2C-4A6A-8D9D-31DA91B18499} = {B16F4601-6778-4710-862D-691CDD7715F2}
		{6B4C8E6D-5CEB-4EA4-899B-C0FF12EE9636} = {B16F4601-6778-4710-862D-691CDD7715F2}
		{BD558A21-16FC-4934-8382-7955D6F31705} = {80A40E95-3082-4B6B-BC92-C5E25BBCAA33}
		{AE956E69-5D0F-4831-A0D9-2A0A5B21B064} = {BD558A21-16FC-4934-8382-7955D6F31705}
		{3D231B3B-D8D9-4E9A-AF39-15B047BDF04B} = {BD558A21-16FC-4934-8382-7955D6F31705}
		{ED30439B-C606-4364-B0CD-A8E165D7E407} = {BD558A21-16FC-4934-8382-7955D6F31705}
		{C7F33D37-8802-4F17-BA3D-ED3E341085CF} = {BD558A21-16FC-4934-8382-7955D6F31705}
	EndGlobalSection
	GlobalSection(ExtensibilityGlobals) = postSolution
		SolutionGuid = {BC30522A-A843-49E3-AF6B-A5BA42112FAA}
	EndGlobalSection
EndGlobal
